# This file is automatically @generated by Cargo.
# It is not intended for manual editing.
[[package]]
name = "som-compiler"
version = "0.1.0"
dependencies = [
 "som-lexer 0.1.0",
]

[[package]]
name = "som-core"
version = "0.1.0"

[[package]]
name = "som-lexer"
version = "0.1.0"

[[package]]
name = "som-parser"
version = "0.1.0"

